
Microsoft Visual Studio Solution File, Format Version 12.00
# Visual Studio Version 16
VisualStudioVersion = 16.0.30104.148
MinimumVisualStudioVersion = 10.0.40219.1
Project("{FAE04EC0-301F-11D3-BF4B-00C04F79EFBC}") = "githupdater", "githupdater.csproj", "{92ED3979-6DC6-4FEA-8C8C-74ED70DE33CF}"
EndProject
Global
	GlobalSection(SolutionConfigurationPlatforms) = preSolution
		Debug|Any CPU = Debug|Any CPU
		Release|Any CPU = Release|Any CPU
	EndGlobalSection
	GlobalSection(ProjectConfigurationPlatforms) = postSolution
		{92ED3979-6DC6-4FEA-8C8C-74ED70DE33CF}.Debug|Any CPU.ActiveCfg = Debug|Any CPU
		{92ED3979-6DC6-4FEA-8C8C-74ED70DE33CF}.Debug|Any CPU.Build.0 = Debug|Any CPU
		{92ED3979-6DC6-4FEA-8C8C-74ED70DE33CF}.Release|Any CPU.ActiveCfg = Release|Any CPU
		{92ED3979-6DC6-4FEA-8C8C-74ED70DE33CF}.Release|Any CPU.Build.0 = Release|Any CPU
	EndGlobalSection
	GlobalSection(SolutionProperties) = preSolution
		HideSolutionNode = FALSE
	EndGlobalSection
	GlobalSection(ExtensibilityGlobals) = postSolution
		SolutionGuid = {DD78F9D7-979F-491A-9FA0-365FF15C87D0}
	EndGlobalSection
EndGlobal
